
Microsoft Visual Studio Solution File, Format Version 12.00
# Visual Studio Version 17
VisualStudioVersion = 17.4.33205.214
MinimumVisualStudioVersion = 10.0.40219.1
Project("{9A19103F-16F7-4668-BE54-9A1E7A4F7556}") = "šipky_Forms", "šipky_Forms_DotNet\šipky_Forms.csproj", "{BC2DFE9C-FE77-4552-BE28-2ACC502D847A}"
	ProjectSection(ProjectDependencies) = postProject
		{B48BD53F-9A0D-4F17-858B-09CD6E0952C3} = {B48BD53F-9A0D-4F17-858B-09CD6E0952C3}
	EndProjectSection
EndProject
Project("{9A19103F-16F7-4668-BE54-9A1E7A4F7556}") = "Domain", "Domain\Domain.csproj", "{B48BD53F-9A0D-4F17-858B-09CD6E0952C3}"
EndProject
Global
	GlobalSection(SolutionConfigurationPlatforms) = preSolution
		All|Any CPU = All|Any CPU
		All|x86 = All|x86
		Debug|Any CPU = Debug|Any CPU
		Debug|x86 = Debug|x86
		DefaultBuild|Any CPU = DefaultBuild|Any CPU
		DefaultBuild|x86 = DefaultBuild|x86
		Release|Any CPU = Release|Any CPU
		Release|x86 = Release|x86
	EndGlobalSection
	GlobalSection(ProjectConfigurationPlatforms) = postSolution
		{BC2DFE9C-FE77-4552-BE28-2ACC502D847A}.All|Any CPU.ActiveCfg = Release|Any CPU
		{BC2DFE9C-FE77-4552-BE28-2ACC502D847A}.All|Any CPU.Build.0 = Release|Any CPU
		{BC2DFE9C-FE77-4552-BE28-2ACC502D847A}.All|x86.ActiveCfg = Debug|Any CPU
		{BC2DFE9C-FE77-4552-BE28-2ACC502D847A}.All|x86.Build.0 = Debug|Any CPU
		{BC2DFE9C-FE77-4552-BE28-2ACC502D847A}.Debug|Any CPU.ActiveCfg = Debug|Any CPU
		{BC2DFE9C-FE77-4552-BE28-2ACC502D847A}.Debug|Any CPU.Build.0 = Debug|Any CPU
		{BC2DFE9C-FE77-4552-BE28-2ACC502D847A}.Debug|x86.ActiveCfg = Debug|Any CPU
		{BC2DFE9C-FE77-4552-BE28-2ACC502D847A}.Debug|x86.Build.0 = Debug|Any CPU
		{BC2DFE9C-FE77-4552-BE28-2ACC502D847A}.DefaultBuild|Any CPU.ActiveCfg = Debug|Any CPU
		{BC2DFE9C-FE77-4552-BE28-2ACC502D847A}.DefaultBuild|Any CPU.Build.0 = Debug|Any CPU
		{BC2DFE9C-FE77-4552-BE28-2ACC502D847A}.DefaultBuild|x86.ActiveCfg = Debug|Any CPU
		{BC2DFE9C-FE77-4552-BE28-2ACC502D847A}.DefaultBuild|x86.Build.0 = Debug|Any CPU
		{BC2DFE9C-FE77-4552-BE28-2ACC502D847A}.Release|Any CPU.ActiveCfg = Release|Any CPU
		{BC2DFE9C-FE77-4552-BE28-2ACC502D847A}.Release|Any CPU.Build.0 = Release|Any CPU
		{BC2DFE9C-FE77-4552-BE28-2ACC502D847A}.Release|x86.ActiveCfg = Release|Any CPU
		{BC2DFE9C-FE77-4552-BE28-2ACC502D847A}.Release|x86.Build.0 = Release|Any CPU
		{B48BD53F-9A0D-4F17-858B-09CD6E0952C3}.All|Any CPU.ActiveCfg = Release|Any CPU
		{B48BD53F-9A0D-4F17-858B-09CD6E0952C3}.All|Any CPU.Build.0 = Release|Any CPU
		{B48BD53F-9A0D-4F17-858B-09CD6E0952C3}.All|x86.ActiveCfg = Debug|Any CPU
		{B48BD53F-9A0D-4F17-858B-09CD6E0952C3}.All|x86.Build.0 = Debug|Any CPU
		{B48BD53F-9A0D-4F17-858B-09CD6E0952C3}.Debug|Any CPU.ActiveCfg = Debug|Any CPU
		{B48BD53F-9A0D-4F17-858B-09CD6E0952C3}.Debug|Any CPU.Build.0 = Debug|Any CPU
		{B48BD53F-9A0D-4F17-858B-09CD6E0952C3}.Debug|x86.ActiveCfg = Debug|Any CPU
		{B48BD53F-9A0D-4F17-858B-09CD6E0952C3}.Debug|x86.Build.0 = Debug|Any CPU
		{B48BD53F-9A0D-4F17-858B-09CD6E0952C3}.DefaultBuild|Any CPU.ActiveCfg = Debug|Any CPU
		{B48BD53F-9A0D-4F17-858B-09CD6E0952C3}.DefaultBuild|Any CPU.Build.0 = Debug|Any CPU
		{B48BD53F-9A0D-4F17-858B-09CD6E0952C3}.DefaultBuild|x86.ActiveCfg = Debug|Any CPU
		{B48BD53F-9A0D-4F17-858B-09CD6E0952C3}.DefaultBuild|x86.Build.0 = Debug|Any CPU
		{B48BD53F-9A0D-4F17-858B-09CD6E0952C3}.Release|Any CPU.ActiveCfg = Release|Any CPU
		{B48BD53F-9A0D-4F17-858B-09CD6E0952C3}.Release|Any CPU.Build.0 = Release|Any CPU
		{B48BD53F-9A0D-4F17-858B-09CD6E0952C3}.Release|x86.ActiveCfg = Release|Any CPU
		{B48BD53F-9A0D-4F17-858B-09CD6E0952C3}.Release|x86.Build.0 = Release|Any CPU
	EndGlobalSection
	GlobalSection(SolutionProperties) = preSolution
		HideSolutionNode = FALSE
	EndGlobalSection
	GlobalSection(ExtensibilityGlobals) = postSolution
		SolutionGuid = {4F8E701D-B043-4A9F-BD82-29BB1604559E}
	EndGlobalSection
EndGlobal
