
Microsoft Visual Studio Solution File, Format Version 12.00
# Visual Studio Version 17
VisualStudioVersion = 17.4.33205.214
MinimumVisualStudioVersion = 10.0.40219.1
Project("{9A19103F-16F7-4668-BE54-9A1E7A4F7556}") = "šipky_Forms", "šipky_Forms_DotNet\šipky_Forms.csproj", "{BC2DFE9C-FE77-4552-BE28-2ACC502D847A}"
	ProjectSection(ProjectDependencies) = postProject
		{B48BD53F-9A0D-4F17-858B-09CD6E0952C3} = {B48BD53F-9A0D-4F17-858B-09CD6E0952C3}
	EndProjectSection
EndProject
Project("{9A19103F-16F7-4668-BE54-9A1E7A4F7556}") = "Domain", "Domain\Domain.csproj", "{B48BD53F-9A0D-4F17-858B-09CD6E0952C3}"
EndProject
Project("{FAE04EC0-301F-11D3-BF4B-00C04F79EFBC}") = "DesktopUI", "DesktopUI\DesktopUI.csproj", "{E42F777E-4ECE-4304-8C0C-DFBEC8951B9C}"
EndProject
Project("{2150E333-8FDC-42A3-9474-1A3956D46DE8}") = "Tests", "Tests", "{0AB3BF05-4346-4AA6-1389-037BE0695223}"
EndProject
Project("{FAE04EC0-301F-11D3-BF4B-00C04F79EFBC}") = "Domain.Tests", "Tests\Domain.Tests\Domain.Tests.csproj", "{6A78AF86-19DB-4305-823E-EC68CEAB29ED}"
EndProject
Project("{FAE04EC0-301F-11D3-BF4B-00C04F79EFBC}") = "DataLayer", "DataLayer\DataLayer.csproj", "{EC27E176-3564-44E7-8B6C-8F6648FDE8C9}"
EndProject
Global
	GlobalSection(SolutionConfigurationPlatforms) = preSolution
		All|Any CPU = All|Any CPU
		All|x86 = All|x86
		All|x64 = All|x64
		Debug|Any CPU = Debug|Any CPU
		Debug|x86 = Debug|x86
		Debug|x64 = Debug|x64
		DefaultBuild|Any CPU = DefaultBuild|Any CPU
		DefaultBuild|x86 = DefaultBuild|x86
		DefaultBuild|x64 = DefaultBuild|x64
		Release|Any CPU = Release|Any CPU
		Release|x86 = Release|x86
		Release|x64 = Release|x64
	EndGlobalSection
	GlobalSection(ProjectConfigurationPlatforms) = postSolution
		{BC2DFE9C-FE77-4552-BE28-2ACC502D847A}.All|Any CPU.ActiveCfg = Release|Any CPU
		{BC2DFE9C-FE77-4552-BE28-2ACC502D847A}.All|Any CPU.Build.0 = Release|Any CPU
		{BC2DFE9C-FE77-4552-BE28-2ACC502D847A}.All|x86.ActiveCfg = Debug|Any CPU
		{BC2DFE9C-FE77-4552-BE28-2ACC502D847A}.All|x86.Build.0 = Debug|Any CPU
		{BC2DFE9C-FE77-4552-BE28-2ACC502D847A}.All|x64.ActiveCfg = All|Any CPU
		{BC2DFE9C-FE77-4552-BE28-2ACC502D847A}.All|x64.Build.0 = All|Any CPU
		{BC2DFE9C-FE77-4552-BE28-2ACC502D847A}.Debug|Any CPU.ActiveCfg = Debug|Any CPU
		{BC2DFE9C-FE77-4552-BE28-2ACC502D847A}.Debug|Any CPU.Build.0 = Debug|Any CPU
		{BC2DFE9C-FE77-4552-BE28-2ACC502D847A}.Debug|x86.ActiveCfg = Debug|Any CPU
		{BC2DFE9C-FE77-4552-BE28-2ACC502D847A}.Debug|x86.Build.0 = Debug|Any CPU
		{BC2DFE9C-FE77-4552-BE28-2ACC502D847A}.Debug|x64.ActiveCfg = Debug|Any CPU
		{BC2DFE9C-FE77-4552-BE28-2ACC502D847A}.Debug|x64.Build.0 = Debug|Any CPU
		{BC2DFE9C-FE77-4552-BE28-2ACC502D847A}.DefaultBuild|Any CPU.ActiveCfg = Debug|Any CPU
		{BC2DFE9C-FE77-4552-BE28-2ACC502D847A}.DefaultBuild|Any CPU.Build.0 = Debug|Any CPU
		{BC2DFE9C-FE77-4552-BE28-2ACC502D847A}.DefaultBuild|x86.ActiveCfg = Debug|Any CPU
		{BC2DFE9C-FE77-4552-BE28-2ACC502D847A}.DefaultBuild|x86.Build.0 = Debug|Any CPU
		{BC2DFE9C-FE77-4552-BE28-2ACC502D847A}.DefaultBuild|x64.ActiveCfg = DefaultBuild|Any CPU
		{BC2DFE9C-FE77-4552-BE28-2ACC502D847A}.DefaultBuild|x64.Build.0 = DefaultBuild|Any CPU
		{BC2DFE9C-FE77-4552-BE28-2ACC502D847A}.Release|Any CPU.ActiveCfg = Release|Any CPU
		{BC2DFE9C-FE77-4552-BE28-2ACC502D847A}.Release|Any CPU.Build.0 = Release|Any CPU
		{BC2DFE9C-FE77-4552-BE28-2ACC502D847A}.Release|x86.ActiveCfg = Release|Any CPU
		{BC2DFE9C-FE77-4552-BE28-2ACC502D847A}.Release|x86.Build.0 = Release|Any CPU
		{BC2DFE9C-FE77-4552-BE28-2ACC502D847A}.Release|x64.ActiveCfg = Release|Any CPU
		{BC2DFE9C-FE77-4552-BE28-2ACC502D847A}.Release|x64.Build.0 = Release|Any CPU
		{B48BD53F-9A0D-4F17-858B-09CD6E0952C3}.All|Any CPU.ActiveCfg = Release|Any CPU
		{B48BD53F-9A0D-4F17-858B-09CD6E0952C3}.All|Any CPU.Build.0 = Release|Any CPU
		{B48BD53F-9A0D-4F17-858B-09CD6E0952C3}.All|x86.ActiveCfg = Debug|Any CPU
		{B48BD53F-9A0D-4F17-858B-09CD6E0952C3}.All|x86.Build.0 = Debug|Any CPU
		{B48BD53F-9A0D-4F17-858B-09CD6E0952C3}.All|x64.ActiveCfg = All|Any CPU
		{B48BD53F-9A0D-4F17-858B-09CD6E0952C3}.All|x64.Build.0 = All|Any CPU
		{B48BD53F-9A0D-4F17-858B-09CD6E0952C3}.Debug|Any CPU.ActiveCfg = Debug|Any CPU
		{B48BD53F-9A0D-4F17-858B-09CD6E0952C3}.Debug|Any CPU.Build.0 = Debug|Any CPU
		{B48BD53F-9A0D-4F17-858B-09CD6E0952C3}.Debug|x86.ActiveCfg = Debug|Any CPU
		{B48BD53F-9A0D-4F17-858B-09CD6E0952C3}.Debug|x86.Build.0 = Debug|Any CPU
		{B48BD53F-9A0D-4F17-858B-09CD6E0952C3}.Debug|x64.ActiveCfg = Debug|Any CPU
		{B48BD53F-9A0D-4F17-858B-09CD6E0952C3}.Debug|x64.Build.0 = Debug|Any CPU
		{B48BD53F-9A0D-4F17-858B-09CD6E0952C3}.DefaultBuild|Any CPU.ActiveCfg = Debug|Any CPU
		{B48BD53F-9A0D-4F17-858B-09CD6E0952C3}.DefaultBuild|Any CPU.Build.0 = Debug|Any CPU
		{B48BD53F-9A0D-4F17-858B-09CD6E0952C3}.DefaultBuild|x86.ActiveCfg = Debug|Any CPU
		{B48BD53F-9A0D-4F17-858B-09CD6E0952C3}.DefaultBuild|x86.Build.0 = Debug|Any CPU
		{B48BD53F-9A0D-4F17-858B-09CD6E0952C3}.DefaultBuild|x64.ActiveCfg = DefaultBuild|Any CPU
		{B48BD53F-9A0D-4F17-858B-09CD6E0952C3}.DefaultBuild|x64.Build.0 = DefaultBuild|Any CPU
		{B48BD53F-9A0D-4F17-858B-09CD6E0952C3}.Release|Any CPU.ActiveCfg = Release|Any CPU
		{B48BD53F-9A0D-4F17-858B-09CD6E0952C3}.Release|Any CPU.Build.0 = Release|Any CPU
		{B48BD53F-9A0D-4F17-858B-09CD6E0952C3}.Release|x86.ActiveCfg = Release|Any CPU
		{B48BD53F-9A0D-4F17-858B-09CD6E0952C3}.Release|x86.Build.0 = Release|Any CPU
		{B48BD53F-9A0D-4F17-858B-09CD6E0952C3}.Release|x64.ActiveCfg = Release|Any CPU
		{B48BD53F-9A0D-4F17-858B-09CD6E0952C3}.Release|x64.Build.0 = Release|Any CPU
		{E42F777E-4ECE-4304-8C0C-DFBEC8951B9C}.All|Any CPU.ActiveCfg = Debug|Any CPU
		{E42F777E-4ECE-4304-8C0C-DFBEC8951B9C}.All|Any CPU.Build.0 = Debug|Any CPU
		{E42F777E-4ECE-4304-8C0C-DFBEC8951B9C}.All|x86.ActiveCfg = Debug|Any CPU
		{E42F777E-4ECE-4304-8C0C-DFBEC8951B9C}.All|x86.Build.0 = Debug|Any CPU
		{E42F777E-4ECE-4304-8C0C-DFBEC8951B9C}.All|x64.ActiveCfg = All|Any CPU
		{E42F777E-4ECE-4304-8C0C-DFBEC8951B9C}.All|x64.Build.0 = All|Any CPU
		{E42F777E-4ECE-4304-8C0C-DFBEC8951B9C}.Debug|Any CPU.ActiveCfg = Debug|Any CPU
		{E42F777E-4ECE-4304-8C0C-DFBEC8951B9C}.Debug|Any CPU.Build.0 = Debug|Any CPU
		{E42F777E-4ECE-4304-8C0C-DFBEC8951B9C}.Debug|x86.ActiveCfg = Debug|Any CPU
		{E42F777E-4ECE-4304-8C0C-DFBEC8951B9C}.Debug|x86.Build.0 = Debug|Any CPU
		{E42F777E-4ECE-4304-8C0C-DFBEC8951B9C}.Debug|x64.ActiveCfg = Debug|Any CPU
		{E42F777E-4ECE-4304-8C0C-DFBEC8951B9C}.Debug|x64.Build.0 = Debug|Any CPU
		{E42F777E-4ECE-4304-8C0C-DFBEC8951B9C}.DefaultBuild|Any CPU.ActiveCfg = Debug|Any CPU
		{E42F777E-4ECE-4304-8C0C-DFBEC8951B9C}.DefaultBuild|Any CPU.Build.0 = Debug|Any CPU
		{E42F777E-4ECE-4304-8C0C-DFBEC8951B9C}.DefaultBuild|x86.ActiveCfg = Debug|Any CPU
		{E42F777E-4ECE-4304-8C0C-DFBEC8951B9C}.DefaultBuild|x86.Build.0 = Debug|Any CPU
		{E42F777E-4ECE-4304-8C0C-DFBEC8951B9C}.DefaultBuild|x64.ActiveCfg = DefaultBuild|Any CPU
		{E42F777E-4ECE-4304-8C0C-DFBEC8951B9C}.DefaultBuild|x64.Build.0 = DefaultBuild|Any CPU
		{E42F777E-4ECE-4304-8C0C-DFBEC8951B9C}.Release|Any CPU.ActiveCfg = Release|Any CPU
		{E42F777E-4ECE-4304-8C0C-DFBEC8951B9C}.Release|Any CPU.Build.0 = Release|Any CPU
		{E42F777E-4ECE-4304-8C0C-DFBEC8951B9C}.Release|x86.ActiveCfg = Release|Any CPU
		{E42F777E-4ECE-4304-8C0C-DFBEC8951B9C}.Release|x86.Build.0 = Release|Any CPU
		{E42F777E-4ECE-4304-8C0C-DFBEC8951B9C}.Release|x64.ActiveCfg = Release|Any CPU
		{E42F777E-4ECE-4304-8C0C-DFBEC8951B9C}.Release|x64.Build.0 = Release|Any CPU
		{6A78AF86-19DB-4305-823E-EC68CEAB29ED}.All|Any CPU.ActiveCfg = Debug|Any CPU
		{6A78AF86-19DB-4305-823E-EC68CEAB29ED}.All|Any CPU.Build.0 = Debug|Any CPU
		{6A78AF86-19DB-4305-823E-EC68CEAB29ED}.All|x86.ActiveCfg = Debug|Any CPU
		{6A78AF86-19DB-4305-823E-EC68CEAB29ED}.All|x86.Build.0 = Debug|Any CPU
		{6A78AF86-19DB-4305-823E-EC68CEAB29ED}.All|x64.ActiveCfg = Debug|Any CPU
		{6A78AF86-19DB-4305-823E-EC68CEAB29ED}.All|x64.Build.0 = Debug|Any CPU
		{6A78AF86-19DB-4305-823E-EC68CEAB29ED}.Debug|Any CPU.ActiveCfg = Debug|Any CPU
		{6A78AF86-19DB-4305-823E-EC68CEAB29ED}.Debug|Any CPU.Build.0 = Debug|Any CPU
		{6A78AF86-19DB-4305-823E-EC68CEAB29ED}.Debug|x86.ActiveCfg = Debug|Any CPU
		{6A78AF86-19DB-4305-823E-EC68CEAB29ED}.Debug|x86.Build.0 = Debug|Any CPU
		{6A78AF86-19DB-4305-823E-EC68CEAB29ED}.Debug|x64.ActiveCfg = Debug|Any CPU
		{6A78AF86-19DB-4305-823E-EC68CEAB29ED}.Debug|x64.Build.0 = Debug|Any CPU
		{6A78AF86-19DB-4305-823E-EC68CEAB29ED}.DefaultBuild|Any CPU.ActiveCfg = Debug|Any CPU
		{6A78AF86-19DB-4305-823E-EC68CEAB29ED}.DefaultBuild|Any CPU.Build.0 = Debug|Any CPU
		{6A78AF86-19DB-4305-823E-EC68CEAB29ED}.DefaultBuild|x86.ActiveCfg = Debug|Any CPU
		{6A78AF86-19DB-4305-823E-EC68CEAB29ED}.DefaultBuild|x86.Build.0 = Debug|Any CPU
		{6A78AF86-19DB-4305-823E-EC68CEAB29ED}.DefaultBuild|x64.ActiveCfg = Debug|Any CPU
		{6A78AF86-19DB-4305-823E-EC68CEAB29ED}.DefaultBuild|x64.Build.0 = Debug|Any CPU
		{6A78AF86-19DB-4305-823E-EC68CEAB29ED}.Release|Any CPU.ActiveCfg = Release|Any CPU
		{6A78AF86-19DB-4305-823E-EC68CEAB29ED}.Release|Any CPU.Build.0 = Release|Any CPU
		{6A78AF86-19DB-4305-823E-EC68CEAB29ED}.Release|x86.ActiveCfg = Release|Any CPU
		{6A78AF86-19DB-4305-823E-EC68CEAB29ED}.Release|x86.Build.0 = Release|Any CPU
		{6A78AF86-19DB-4305-823E-EC68CEAB29ED}.Release|x64.ActiveCfg = Release|Any CPU
		{6A78AF86-19DB-4305-823E-EC68CEAB29ED}.Release|x64.Build.0 = Release|Any CPU
		{EC27E176-3564-44E7-8B6C-8F6648FDE8C9}.All|Any CPU.ActiveCfg = Debug|Any CPU
		{EC27E176-3564-44E7-8B6C-8F6648FDE8C9}.All|Any CPU.Build.0 = Debug|Any CPU
		{EC27E176-3564-44E7-8B6C-8F6648FDE8C9}.All|x86.ActiveCfg = Debug|Any CPU
		{EC27E176-3564-44E7-8B6C-8F6648FDE8C9}.All|x86.Build.0 = Debug|Any CPU
		{EC27E176-3564-44E7-8B6C-8F6648FDE8C9}.All|x64.ActiveCfg = Debug|Any CPU
		{EC27E176-3564-44E7-8B6C-8F6648FDE8C9}.All|x64.Build.0 = Debug|Any CPU
		{EC27E176-3564-44E7-8B6C-8F6648FDE8C9}.Debug|Any CPU.ActiveCfg = Debug|Any CPU
		{EC27E176-3564-44E7-8B6C-8F6648FDE8C9}.Debug|Any CPU.Build.0 = Debug|Any CPU
		{EC27E176-3564-44E7-8B6C-8F6648FDE8C9}.Debug|x86.ActiveCfg = Debug|Any CPU
		{EC27E176-3564-44E7-8B6C-8F6648FDE8C9}.Debug|x86.Build.0 = Debug|Any CPU
		{EC27E176-3564-44E7-8B6C-8F6648FDE8C9}.Debug|x64.ActiveCfg = Debug|Any CPU
		{EC27E176-3564-44E7-8B6C-8F6648FDE8C9}.Debug|x64.Build.0 = Debug|Any CPU
		{EC27E176-3564-44E7-8B6C-8F6648FDE8C9}.DefaultBuild|Any CPU.ActiveCfg = Debug|Any CPU
		{EC27E176-3564-44E7-8B6C-8F6648FDE8C9}.DefaultBuild|Any CPU.Build.0 = Debug|Any CPU
		{EC27E176-3564-44E7-8B6C-8F6648FDE8C9}.DefaultBuild|x86.ActiveCfg = Debug|Any CPU
		{EC27E176-3564-44E7-8B6C-8F6648FDE8C9}.DefaultBuild|x86.Build.0 = Debug|Any CPU
		{EC27E176-3564-44E7-8B6C-8F6648FDE8C9}.DefaultBuild|x64.ActiveCfg = Debug|Any CPU
		{EC27E176-3564-44E7-8B6C-8F6648FDE8C9}.DefaultBuild|x64.Build.0 = Debug|Any CPU
		{EC27E176-3564-44E7-8B6C-8F6648FDE8C9}.Release|Any CPU.ActiveCfg = Release|Any CPU
		{EC27E176-3564-44E7-8B6C-8F6648FDE8C9}.Release|Any CPU.Build.0 = Release|Any CPU
		{EC27E176-3564-44E7-8B6C-8F6648FDE8C9}.Release|x86.ActiveCfg = Release|Any CPU
		{EC27E176-3564-44E7-8B6C-8F6648FDE8C9}.Release|x86.Build.0 = Release|Any CPU
		{EC27E176-3564-44E7-8B6C-8F6648FDE8C9}.Release|x64.ActiveCfg = Release|Any CPU
		{EC27E176-3564-44E7-8B6C-8F6648FDE8C9}.Release|x64.Build.0 = Release|Any CPU
	EndGlobalSection
	GlobalSection(SolutionProperties) = preSolution
		HideSolutionNode = FALSE
	EndGlobalSection
	GlobalSection(NestedProjects) = preSolution
		{6A78AF86-19DB-4305-823E-EC68CEAB29ED} = {0AB3BF05-4346-4AA6-1389-037BE0695223}
	EndGlobalSection
	GlobalSection(ExtensibilityGlobals) = postSolution
		SolutionGuid = {4F8E701D-B043-4A9F-BD82-29BB1604559E}
	EndGlobalSection
EndGlobal
